// !$*UTF8*$!
{
	archiveVersion = 1;
	classes = {
	};
	objectVersion = 50;
	objects = {

/* Begin PBXBuildFile section */
		2F2247AC262920AC006C6EE6 /* Token.swift in Sources */ = {isa = PBXBuildFile; fileRef = 2F2247AB262920AC006C6EE6 /* Token.swift */; };
		2F3AD7A32627C86A00B61A97 /* User.swift in Sources */ = {isa = PBXBuildFile; fileRef = 2F3AD7A22627C86A00B61A97 /* User.swift */; };
		2F3AD7A82627C89B00B61A97 /* Member.swift in Sources */ = {isa = PBXBuildFile; fileRef = 2F3AD7A72627C89B00B61A97 /* Member.swift */; };
		2F3AD7AD2627C8EF00B61A97 /* Team.swift in Sources */ = {isa = PBXBuildFile; fileRef = 2F3AD7AC2627C8EF00B61A97 /* Team.swift */; };
		2FEF5DA9262D0E7C00434763 /* PaginatedList.swift in Sources */ = {isa = PBXBuildFile; fileRef = 2FEF5DA8262D0E7C00434763 /* PaginatedList.swift */; };
		7D1354FC262D026E00D38EE0 /* UserTests.swift in Sources */ = {isa = PBXBuildFile; fileRef = 7D1354FB262D026E00D38EE0 /* UserTests.swift */; };
		7D9963A6261EF3A4002338E7 /* AppDelegate.swift in Sources */ = {isa = PBXBuildFile; fileRef = 7D9963A5261EF3A4002338E7 /* AppDelegate.swift */; };
		7D9963A8261EF3A4002338E7 /* SceneDelegate.swift in Sources */ = {isa = PBXBuildFile; fileRef = 7D9963A7261EF3A4002338E7 /* SceneDelegate.swift */; };
		7D9963AA261EF3A4002338E7 /* ViewController.swift in Sources */ = {isa = PBXBuildFile; fileRef = 7D9963A9261EF3A4002338E7 /* ViewController.swift */; };
		7D9963AD261EF3A4002338E7 /* Main.storyboard in Resources */ = {isa = PBXBuildFile; fileRef = 7D9963AB261EF3A4002338E7 /* Main.storyboard */; };
		7D9963B2261EF3A5002338E7 /* Assets.xcassets in Resources */ = {isa = PBXBuildFile; fileRef = 7D9963B1261EF3A5002338E7 /* Assets.xcassets */; };
		7D9963B5261EF3A5002338E7 /* LaunchScreen.storyboard in Resources */ = {isa = PBXBuildFile; fileRef = 7D9963B3261EF3A5002338E7 /* LaunchScreen.storyboard */; };
		7D9963C0261EF3A5002338E7 /* SluggoTests.swift in Sources */ = {isa = PBXBuildFile; fileRef = 7D9963BF261EF3A5002338E7 /* SluggoTests.swift */; };
		7D9963CB261EF3A5002338E7 /* SluggoUITests.swift in Sources */ = {isa = PBXBuildFile; fileRef = 7D9963CA261EF3A5002338E7 /* SluggoUITests.swift */; };
/* End PBXBuildFile section */

/* Begin PBXContainerItemProxy section */
		7D9963BC261EF3A5002338E7 /* PBXContainerItemProxy */ = {
			isa = PBXContainerItemProxy;
			containerPortal = 7D99639A261EF3A4002338E7 /* Project object */;
			proxyType = 1;
			remoteGlobalIDString = 7D9963A1261EF3A4002338E7;
			remoteInfo = Sluggo;
		};
		7D9963C7261EF3A5002338E7 /* PBXContainerItemProxy */ = {
			isa = PBXContainerItemProxy;
			containerPortal = 7D99639A261EF3A4002338E7 /* Project object */;
			proxyType = 1;
			remoteGlobalIDString = 7D9963A1261EF3A4002338E7;
			remoteInfo = Sluggo;
		};
/* End PBXContainerItemProxy section */

/* Begin PBXFileReference section */
		2F2247AB262920AC006C6EE6 /* Token.swift */ = {isa = PBXFileReference; lastKnownFileType = sourcecode.swift; path = Token.swift; sourceTree = "<group>"; };
		2F3AD7A22627C86A00B61A97 /* User.swift */ = {isa = PBXFileReference; lastKnownFileType = sourcecode.swift; path = User.swift; sourceTree = "<group>"; };
		2F3AD7A72627C89B00B61A97 /* Member.swift */ = {isa = PBXFileReference; lastKnownFileType = sourcecode.swift; path = Member.swift; sourceTree = "<group>"; };
		2F3AD7AC2627C8EF00B61A97 /* Team.swift */ = {isa = PBXFileReference; lastKnownFileType = sourcecode.swift; path = Team.swift; sourceTree = "<group>"; };
		2FEF5DA8262D0E7C00434763 /* PaginatedList.swift */ = {isa = PBXFileReference; lastKnownFileType = sourcecode.swift; path = PaginatedList.swift; sourceTree = "<group>"; };
		7D1354FB262D026E00D38EE0 /* UserTests.swift */ = {isa = PBXFileReference; lastKnownFileType = sourcecode.swift; path = UserTests.swift; sourceTree = "<group>"; };
		7D9963A2261EF3A4002338E7 /* Sluggo.app */ = {isa = PBXFileReference; explicitFileType = wrapper.application; includeInIndex = 0; path = Sluggo.app; sourceTree = BUILT_PRODUCTS_DIR; };
		7D9963A5261EF3A4002338E7 /* AppDelegate.swift */ = {isa = PBXFileReference; lastKnownFileType = sourcecode.swift; path = AppDelegate.swift; sourceTree = "<group>"; };
		7D9963A7261EF3A4002338E7 /* SceneDelegate.swift */ = {isa = PBXFileReference; lastKnownFileType = sourcecode.swift; path = SceneDelegate.swift; sourceTree = "<group>"; };
		7D9963A9261EF3A4002338E7 /* ViewController.swift */ = {isa = PBXFileReference; lastKnownFileType = sourcecode.swift; path = ViewController.swift; sourceTree = "<group>"; };
		7D9963AC261EF3A4002338E7 /* Base */ = {isa = PBXFileReference; lastKnownFileType = file.storyboard; name = Base; path = Base.lproj/Main.storyboard; sourceTree = "<group>"; };
		7D9963B1261EF3A5002338E7 /* Assets.xcassets */ = {isa = PBXFileReference; lastKnownFileType = folder.assetcatalog; path = Assets.xcassets; sourceTree = "<group>"; };
		7D9963B4261EF3A5002338E7 /* Base */ = {isa = PBXFileReference; lastKnownFileType = file.storyboard; name = Base; path = Base.lproj/LaunchScreen.storyboard; sourceTree = "<group>"; };
		7D9963B6261EF3A5002338E7 /* Info.plist */ = {isa = PBXFileReference; lastKnownFileType = text.plist.xml; path = Info.plist; sourceTree = "<group>"; };
		7D9963BB261EF3A5002338E7 /* SluggoTests.xctest */ = {isa = PBXFileReference; explicitFileType = wrapper.cfbundle; includeInIndex = 0; path = SluggoTests.xctest; sourceTree = BUILT_PRODUCTS_DIR; };
		7D9963BF261EF3A5002338E7 /* SluggoTests.swift */ = {isa = PBXFileReference; lastKnownFileType = sourcecode.swift; path = SluggoTests.swift; sourceTree = "<group>"; };
		7D9963C1261EF3A5002338E7 /* Info.plist */ = {isa = PBXFileReference; lastKnownFileType = text.plist.xml; path = Info.plist; sourceTree = "<group>"; };
		7D9963C6261EF3A5002338E7 /* SluggoUITests.xctest */ = {isa = PBXFileReference; explicitFileType = wrapper.cfbundle; includeInIndex = 0; path = SluggoUITests.xctest; sourceTree = BUILT_PRODUCTS_DIR; };
		7D9963CA261EF3A5002338E7 /* SluggoUITests.swift */ = {isa = PBXFileReference; lastKnownFileType = sourcecode.swift; path = SluggoUITests.swift; sourceTree = "<group>"; };
		7D9963CC261EF3A5002338E7 /* Info.plist */ = {isa = PBXFileReference; lastKnownFileType = text.plist.xml; path = Info.plist; sourceTree = "<group>"; };
/* End PBXFileReference section */

/* Begin PBXFrameworksBuildPhase section */
		7D99639F261EF3A4002338E7 /* Frameworks */ = {
			isa = PBXFrameworksBuildPhase;
			buildActionMask = 2147483647;
			files = (
			);
			runOnlyForDeploymentPostprocessing = 0;
		};
		7D9963B8261EF3A5002338E7 /* Frameworks */ = {
			isa = PBXFrameworksBuildPhase;
			buildActionMask = 2147483647;
			files = (
			);
			runOnlyForDeploymentPostprocessing = 0;
		};
		7D9963C3261EF3A5002338E7 /* Frameworks */ = {
			isa = PBXFrameworksBuildPhase;
			buildActionMask = 2147483647;
			files = (
			);
			runOnlyForDeploymentPostprocessing = 0;
		};
/* End PBXFrameworksBuildPhase section */

/* Begin PBXGroup section */
		2F81E6E62627E85000B6D86D /* Models */ = {
			isa = PBXGroup;
			children = (
				2F3AD7A22627C86A00B61A97 /* User.swift */,
				2F3AD7A72627C89B00B61A97 /* Member.swift */,
				2F3AD7AC2627C8EF00B61A97 /* Team.swift */,
				2F2247AB262920AC006C6EE6 /* Token.swift */,
				2FEF5DA8262D0E7C00434763 /* PaginatedList.swift */,
			);
			path = Models;
			sourceTree = "<group>";
		};
		7D996399261EF3A4002338E7 = {
			isa = PBXGroup;
			children = (
				7D9963A4261EF3A4002338E7 /* Sluggo */,
				7D9963BE261EF3A5002338E7 /* SluggoTests */,
				7D9963C9261EF3A5002338E7 /* SluggoUITests */,
				7D9963A3261EF3A4002338E7 /* Products */,
			);
			sourceTree = "<group>";
		};
		7D9963A3261EF3A4002338E7 /* Products */ = {
			isa = PBXGroup;
			children = (
				7D9963A2261EF3A4002338E7 /* Sluggo.app */,
				7D9963BB261EF3A5002338E7 /* SluggoTests.xctest */,
				7D9963C6261EF3A5002338E7 /* SluggoUITests.xctest */,
			);
			name = Products;
			sourceTree = "<group>";
		};
		7D9963A4261EF3A4002338E7 /* Sluggo */ = {
			isa = PBXGroup;
			children = (
				2F81E6E62627E85000B6D86D /* Models */,
				7D9963A5261EF3A4002338E7 /* AppDelegate.swift */,
				7D9963A7261EF3A4002338E7 /* SceneDelegate.swift */,
				7D9963A9261EF3A4002338E7 /* ViewController.swift */,
				7D9963AB261EF3A4002338E7 /* Main.storyboard */,
				7D9963B1261EF3A5002338E7 /* Assets.xcassets */,
				7D9963B3261EF3A5002338E7 /* LaunchScreen.storyboard */,
				7D9963B6261EF3A5002338E7 /* Info.plist */,
			);
			path = Sluggo;
			sourceTree = "<group>";
		};
		7D9963BE261EF3A5002338E7 /* SluggoTests */ = {
			isa = PBXGroup;
			children = (
				7D9963BF261EF3A5002338E7 /* SluggoTests.swift */,
				7D9963C1261EF3A5002338E7 /* Info.plist */,
				7D1354FB262D026E00D38EE0 /* UserTests.swift */,
			);
			path = SluggoTests;
			sourceTree = "<group>";
		};
		7D9963C9261EF3A5002338E7 /* SluggoUITests */ = {
			isa = PBXGroup;
			children = (
				7D9963CA261EF3A5002338E7 /* SluggoUITests.swift */,
				7D9963CC261EF3A5002338E7 /* Info.plist */,
			);
			path = SluggoUITests;
			sourceTree = "<group>";
		};
/* End PBXGroup section */

/* Begin PBXNativeTarget section */
		7D9963A1261EF3A4002338E7 /* Sluggo */ = {
			isa = PBXNativeTarget;
			buildConfigurationList = 7D9963CF261EF3A5002338E7 /* Build configuration list for PBXNativeTarget "Sluggo" */;
			buildPhases = (
				7D99639E261EF3A4002338E7 /* Sources */,
				7D99639F261EF3A4002338E7 /* Frameworks */,
				7D9963A0261EF3A4002338E7 /* Resources */,
			);
			buildRules = (
			);
			dependencies = (
			);
			name = Sluggo;
			productName = Sluggo;
			productReference = 7D9963A2261EF3A4002338E7 /* Sluggo.app */;
			productType = "com.apple.product-type.application";
		};
		7D9963BA261EF3A5002338E7 /* SluggoTests */ = {
			isa = PBXNativeTarget;
			buildConfigurationList = 7D9963D2261EF3A5002338E7 /* Build configuration list for PBXNativeTarget "SluggoTests" */;
			buildPhases = (
				7D9963B7261EF3A5002338E7 /* Sources */,
				7D9963B8261EF3A5002338E7 /* Frameworks */,
				7D9963B9261EF3A5002338E7 /* Resources */,
			);
			buildRules = (
			);
			dependencies = (
				7D9963BD261EF3A5002338E7 /* PBXTargetDependency */,
			);
			name = SluggoTests;
			productName = SluggoTests;
			productReference = 7D9963BB261EF3A5002338E7 /* SluggoTests.xctest */;
			productType = "com.apple.product-type.bundle.unit-test";
		};
		7D9963C5261EF3A5002338E7 /* SluggoUITests */ = {
			isa = PBXNativeTarget;
			buildConfigurationList = 7D9963D5261EF3A5002338E7 /* Build configuration list for PBXNativeTarget "SluggoUITests" */;
			buildPhases = (
				7D9963C2261EF3A5002338E7 /* Sources */,
				7D9963C3261EF3A5002338E7 /* Frameworks */,
				7D9963C4261EF3A5002338E7 /* Resources */,
			);
			buildRules = (
			);
			dependencies = (
				7D9963C8261EF3A5002338E7 /* PBXTargetDependency */,
			);
			name = SluggoUITests;
			productName = SluggoUITests;
			productReference = 7D9963C6261EF3A5002338E7 /* SluggoUITests.xctest */;
			productType = "com.apple.product-type.bundle.ui-testing";
		};
/* End PBXNativeTarget section */

/* Begin PBXProject section */
		7D99639A261EF3A4002338E7 /* Project object */ = {
			isa = PBXProject;
			attributes = {
				LastSwiftUpdateCheck = 1240;
				LastUpgradeCheck = 1240;
				TargetAttributes = {
					7D9963A1261EF3A4002338E7 = {
						CreatedOnToolsVersion = 12.4;
					};
					7D9963BA261EF3A5002338E7 = {
						CreatedOnToolsVersion = 12.4;
						TestTargetID = 7D9963A1261EF3A4002338E7;
					};
					7D9963C5261EF3A5002338E7 = {
						CreatedOnToolsVersion = 12.4;
						TestTargetID = 7D9963A1261EF3A4002338E7;
					};
				};
			};
			buildConfigurationList = 7D99639D261EF3A4002338E7 /* Build configuration list for PBXProject "Sluggo" */;
			compatibilityVersion = "Xcode 9.3";
			developmentRegion = en;
			hasScannedForEncodings = 0;
			knownRegions = (
				en,
				Base,
			);
			mainGroup = 7D996399261EF3A4002338E7;
			productRefGroup = 7D9963A3261EF3A4002338E7 /* Products */;
			projectDirPath = "";
			projectRoot = "";
			targets = (
				7D9963A1261EF3A4002338E7 /* Sluggo */,
				7D9963BA261EF3A5002338E7 /* SluggoTests */,
				7D9963C5261EF3A5002338E7 /* SluggoUITests */,
			);
		};
/* End PBXProject section */

/* Begin PBXResourcesBuildPhase section */
		7D9963A0261EF3A4002338E7 /* Resources */ = {
			isa = PBXResourcesBuildPhase;
			buildActionMask = 2147483647;
			files = (
				7D9963B5261EF3A5002338E7 /* LaunchScreen.storyboard in Resources */,
				7D9963B2261EF3A5002338E7 /* Assets.xcassets in Resources */,
				7D9963AD261EF3A4002338E7 /* Main.storyboard in Resources */,
			);
			runOnlyForDeploymentPostprocessing = 0;
		};
		7D9963B9261EF3A5002338E7 /* Resources */ = {
			isa = PBXResourcesBuildPhase;
			buildActionMask = 2147483647;
			files = (
			);
			runOnlyForDeploymentPostprocessing = 0;
		};
		7D9963C4261EF3A5002338E7 /* Resources */ = {
			isa = PBXResourcesBuildPhase;
			buildActionMask = 2147483647;
			files = (
			);
			runOnlyForDeploymentPostprocessing = 0;
		};
/* End PBXResourcesBuildPhase section */

/* Begin PBXSourcesBuildPhase section */
		7D99639E261EF3A4002338E7 /* Sources */ = {
			isa = PBXSourcesBuildPhase;
			buildActionMask = 2147483647;
			files = (
				2F3AD7AD2627C8EF00B61A97 /* Team.swift in Sources */,
				2F2247AC262920AC006C6EE6 /* Token.swift in Sources */,
				2F3AD7A32627C86A00B61A97 /* User.swift in Sources */,
				7D9963AA261EF3A4002338E7 /* ViewController.swift in Sources */,
				7D9963A6261EF3A4002338E7 /* AppDelegate.swift in Sources */,
				7D9963A8261EF3A4002338E7 /* SceneDelegate.swift in Sources */,
				2F3AD7A82627C89B00B61A97 /* Member.swift in Sources */,
				2FEF5DA9262D0E7C00434763 /* PaginatedList.swift in Sources */,
			);
			runOnlyForDeploymentPostprocessing = 0;
		};
		7D9963B7261EF3A5002338E7 /* Sources */ = {
			isa = PBXSourcesBuildPhase;
			buildActionMask = 2147483647;
			files = (
				7D1354FC262D026E00D38EE0 /* UserTests.swift in Sources */,
				7D9963C0261EF3A5002338E7 /* SluggoTests.swift in Sources */,
			);
			runOnlyForDeploymentPostprocessing = 0;
		};
		7D9963C2261EF3A5002338E7 /* Sources */ = {
			isa = PBXSourcesBuildPhase;
			buildActionMask = 2147483647;
			files = (
				7D9963CB261EF3A5002338E7 /* SluggoUITests.swift in Sources */,
			);
			runOnlyForDeploymentPostprocessing = 0;
		};
/* End PBXSourcesBuildPhase section */

/* Begin PBXTargetDependency section */
		7D9963BD261EF3A5002338E7 /* PBXTargetDependency */ = {
			isa = PBXTargetDependency;
			target = 7D9963A1261EF3A4002338E7 /* Sluggo */;
			targetProxy = 7D9963BC261EF3A5002338E7 /* PBXContainerItemProxy */;
		};
		7D9963C8261EF3A5002338E7 /* PBXTargetDependency */ = {
			isa = PBXTargetDependency;
			target = 7D9963A1261EF3A4002338E7 /* Sluggo */;
			targetProxy = 7D9963C7261EF3A5002338E7 /* PBXContainerItemProxy */;
		};
/* End PBXTargetDependency section */

/* Begin PBXVariantGroup section */
		7D9963AB261EF3A4002338E7 /* Main.storyboard */ = {
			isa = PBXVariantGroup;
			children = (
				7D9963AC261EF3A4002338E7 /* Base */,
			);
			name = Main.storyboard;
			sourceTree = "<group>";
		};
		7D9963B3261EF3A5002338E7 /* LaunchScreen.storyboard */ = {
			isa = PBXVariantGroup;
			children = (
				7D9963B4261EF3A5002338E7 /* Base */,
			);
			name = LaunchScreen.storyboard;
			sourceTree = "<group>";
		};
/* End PBXVariantGroup section */

/* Begin XCBuildConfiguration section */
		7D9963CD261EF3A5002338E7 /* Debug */ = {
			isa = XCBuildConfiguration;
			buildSettings = {
				ALWAYS_SEARCH_USER_PATHS = NO;
				CLANG_ANALYZER_NONNULL = YES;
				CLANG_ANALYZER_NUMBER_OBJECT_CONVERSION = YES_AGGRESSIVE;
				CLANG_CXX_LANGUAGE_STANDARD = "gnu++14";
				CLANG_CXX_LIBRARY = "libc++";
				CLANG_ENABLE_MODULES = YES;
				CLANG_ENABLE_OBJC_ARC = YES;
				CLANG_ENABLE_OBJC_WEAK = YES;
				CLANG_WARN_BLOCK_CAPTURE_AUTORELEASING = YES;
				CLANG_WARN_BOOL_CONVERSION = YES;
				CLANG_WARN_COMMA = YES;
				CLANG_WARN_CONSTANT_CONVERSION = YES;
				CLANG_WARN_DEPRECATED_OBJC_IMPLEMENTATIONS = YES;
				CLANG_WARN_DIRECT_OBJC_ISA_USAGE = YES_ERROR;
				CLANG_WARN_DOCUMENTATION_COMMENTS = YES;
				CLANG_WARN_EMPTY_BODY = YES;
				CLANG_WARN_ENUM_CONVERSION = YES;
				CLANG_WARN_INFINITE_RECURSION = YES;
				CLANG_WARN_INT_CONVERSION = YES;
				CLANG_WARN_NON_LITERAL_NULL_CONVERSION = YES;
				CLANG_WARN_OBJC_IMPLICIT_RETAIN_SELF = YES;
				CLANG_WARN_OBJC_LITERAL_CONVERSION = YES;
				CLANG_WARN_OBJC_ROOT_CLASS = YES_ERROR;
				CLANG_WARN_QUOTED_INCLUDE_IN_FRAMEWORK_HEADER = YES;
				CLANG_WARN_RANGE_LOOP_ANALYSIS = YES;
				CLANG_WARN_STRICT_PROTOTYPES = YES;
				CLANG_WARN_SUSPICIOUS_MOVE = YES;
				CLANG_WARN_UNGUARDED_AVAILABILITY = YES_AGGRESSIVE;
				CLANG_WARN_UNREACHABLE_CODE = YES;
				CLANG_WARN__DUPLICATE_METHOD_MATCH = YES;
				COPY_PHASE_STRIP = NO;
				DEBUG_INFORMATION_FORMAT = dwarf;
				ENABLE_STRICT_OBJC_MSGSEND = YES;
				ENABLE_TESTABILITY = YES;
				GCC_C_LANGUAGE_STANDARD = gnu11;
				GCC_DYNAMIC_NO_PIC = NO;
				GCC_NO_COMMON_BLOCKS = YES;
				GCC_OPTIMIZATION_LEVEL = 0;
				GCC_PREPROCESSOR_DEFINITIONS = (
					"DEBUG=1",
					"$(inherited)",
				);
				GCC_WARN_64_TO_32_BIT_CONVERSION = YES;
				GCC_WARN_ABOUT_RETURN_TYPE = YES_ERROR;
				GCC_WARN_UNDECLARED_SELECTOR = YES;
				GCC_WARN_UNINITIALIZED_AUTOS = YES_AGGRESSIVE;
				GCC_WARN_UNUSED_FUNCTION = YES;
				GCC_WARN_UNUSED_VARIABLE = YES;
				IPHONEOS_DEPLOYMENT_TARGET = 14.4;
				MTL_ENABLE_DEBUG_INFO = INCLUDE_SOURCE;
				MTL_FAST_MATH = YES;
				ONLY_ACTIVE_ARCH = YES;
				SDKROOT = iphoneos;
				SWIFT_ACTIVE_COMPILATION_CONDITIONS = DEBUG;
				SWIFT_OPTIMIZATION_LEVEL = "-Onone";
			};
			name = Debug;
		};
		7D9963CE261EF3A5002338E7 /* Release */ = {
			isa = XCBuildConfiguration;
			buildSettings = {
				ALWAYS_SEARCH_USER_PATHS = NO;
				CLANG_ANALYZER_NONNULL = YES;
				CLANG_ANALYZER_NUMBER_OBJECT_CONVERSION = YES_AGGRESSIVE;
				CLANG_CXX_LANGUAGE_STANDARD = "gnu++14";
				CLANG_CXX_LIBRARY = "libc++";
				CLANG_ENABLE_MODULES = YES;
				CLANG_ENABLE_OBJC_ARC = YES;
				CLANG_ENABLE_OBJC_WEAK = YES;
				CLANG_WARN_BLOCK_CAPTURE_AUTORELEASING = YES;
				CLANG_WARN_BOOL_CONVERSION = YES;
				CLANG_WARN_COMMA = YES;
				CLANG_WARN_CONSTANT_CONVERSION = YES;
				CLANG_WARN_DEPRECATED_OBJC_IMPLEMENTATIONS = YES;
				CLANG_WARN_DIRECT_OBJC_ISA_USAGE = YES_ERROR;
				CLANG_WARN_DOCUMENTATION_COMMENTS = YES;
				CLANG_WARN_EMPTY_BODY = YES;
				CLANG_WARN_ENUM_CONVERSION = YES;
				CLANG_WARN_INFINITE_RECURSION = YES;
				CLANG_WARN_INT_CONVERSION = YES;
				CLANG_WARN_NON_LITERAL_NULL_CONVERSION = YES;
				CLANG_WARN_OBJC_IMPLICIT_RETAIN_SELF = YES;
				CLANG_WARN_OBJC_LITERAL_CONVERSION = YES;
				CLANG_WARN_OBJC_ROOT_CLASS = YES_ERROR;
				CLANG_WARN_QUOTED_INCLUDE_IN_FRAMEWORK_HEADER = YES;
				CLANG_WARN_RANGE_LOOP_ANALYSIS = YES;
				CLANG_WARN_STRICT_PROTOTYPES = YES;
				CLANG_WARN_SUSPICIOUS_MOVE = YES;
				CLANG_WARN_UNGUARDED_AVAILABILITY = YES_AGGRESSIVE;
				CLANG_WARN_UNREACHABLE_CODE = YES;
				CLANG_WARN__DUPLICATE_METHOD_MATCH = YES;
				COPY_PHASE_STRIP = NO;
				DEBUG_INFORMATION_FORMAT = "dwarf-with-dsym";
				ENABLE_NS_ASSERTIONS = NO;
				ENABLE_STRICT_OBJC_MSGSEND = YES;
				GCC_C_LANGUAGE_STANDARD = gnu11;
				GCC_NO_COMMON_BLOCKS = YES;
				GCC_WARN_64_TO_32_BIT_CONVERSION = YES;
				GCC_WARN_ABOUT_RETURN_TYPE = YES_ERROR;
				GCC_WARN_UNDECLARED_SELECTOR = YES;
				GCC_WARN_UNINITIALIZED_AUTOS = YES_AGGRESSIVE;
				GCC_WARN_UNUSED_FUNCTION = YES;
				GCC_WARN_UNUSED_VARIABLE = YES;
				IPHONEOS_DEPLOYMENT_TARGET = 14.4;
				MTL_ENABLE_DEBUG_INFO = NO;
				MTL_FAST_MATH = YES;
				SDKROOT = iphoneos;
				SWIFT_COMPILATION_MODE = wholemodule;
				SWIFT_OPTIMIZATION_LEVEL = "-O";
				VALIDATE_PRODUCT = YES;
			};
			name = Release;
		};
		7D9963D0261EF3A5002338E7 /* Debug */ = {
			isa = XCBuildConfiguration;
			buildSettings = {
				ASSETCATALOG_COMPILER_APPICON_NAME = AppIcon;
				ASSETCATALOG_COMPILER_GLOBAL_ACCENT_COLOR_NAME = AccentColor;
				CODE_SIGN_STYLE = Automatic;
				DEVELOPMENT_TEAM = LUQ6CX5JDC;
				INFOPLIST_FILE = Sluggo/Info.plist;
				LD_RUNPATH_SEARCH_PATHS = (
					"$(inherited)",
					"@executable_path/Frameworks",
				);
				MARKETING_VERSION = 0.1;
				PRODUCT_BUNDLE_IDENTIFIER = ex.sluggotrack.Sluggo;
				PRODUCT_NAME = "$(TARGET_NAME)";
				SWIFT_VERSION = 5.0;
				TARGETED_DEVICE_FAMILY = 1;
			};
			name = Debug;
		};
		7D9963D1261EF3A5002338E7 /* Release */ = {
			isa = XCBuildConfiguration;
			buildSettings = {
				ASSETCATALOG_COMPILER_APPICON_NAME = AppIcon;
				ASSETCATALOG_COMPILER_GLOBAL_ACCENT_COLOR_NAME = AccentColor;
				CODE_SIGN_STYLE = Automatic;
				DEVELOPMENT_TEAM = LUQ6CX5JDC;
				INFOPLIST_FILE = Sluggo/Info.plist;
				LD_RUNPATH_SEARCH_PATHS = (
					"$(inherited)",
					"@executable_path/Frameworks",
				);
				MARKETING_VERSION = 0.1;
				PRODUCT_BUNDLE_IDENTIFIER = ex.sluggotrack.Sluggo;
				PRODUCT_NAME = "$(TARGET_NAME)";
				SWIFT_VERSION = 5.0;
				TARGETED_DEVICE_FAMILY = 1;
			};
			name = Release;
		};
		7D9963D3261EF3A5002338E7 /* Debug */ = {
			isa = XCBuildConfiguration;
			buildSettings = {
				ALWAYS_EMBED_SWIFT_STANDARD_LIBRARIES = YES;
				BUNDLE_LOADER = "$(TEST_HOST)";
				CODE_SIGN_STYLE = Automatic;
				DEVELOPMENT_TEAM = LUQ6CX5JDC;
				INFOPLIST_FILE = SluggoTests/Info.plist;
				IPHONEOS_DEPLOYMENT_TARGET = 14.4;
				LD_RUNPATH_SEARCH_PATHS = (
					"$(inherited)",
					"@executable_path/Frameworks",
					"@loader_path/Frameworks",
				);
				PRODUCT_BUNDLE_IDENTIFIER = ex.sluggotrack.SluggoTests;
				PRODUCT_NAME = "$(TARGET_NAME)";
				SWIFT_VERSION = 5.0;
				TARGETED_DEVICE_FAMILY = "1,2";
				TEST_HOST = "$(BUILT_PRODUCTS_DIR)/Sluggo.app/Sluggo";
			};
			name = Debug;
		};
		7D9963D4261EF3A5002338E7 /* Release */ = {
			isa = XCBuildConfiguration;
			buildSettings = {
				ALWAYS_EMBED_SWIFT_STANDARD_LIBRARIES = YES;
				BUNDLE_LOADER = "$(TEST_HOST)";
				CODE_SIGN_STYLE = Automatic;
				DEVELOPMENT_TEAM = LUQ6CX5JDC;
				INFOPLIST_FILE = SluggoTests/Info.plist;
				IPHONEOS_DEPLOYMENT_TARGET = 14.4;
				LD_RUNPATH_SEARCH_PATHS = (
					"$(inherited)",
					"@executable_path/Frameworks",
					"@loader_path/Frameworks",
				);
				PRODUCT_BUNDLE_IDENTIFIER = ex.sluggotrack.SluggoTests;
				PRODUCT_NAME = "$(TARGET_NAME)";
				SWIFT_VERSION = 5.0;
				TARGETED_DEVICE_FAMILY = "1,2";
				TEST_HOST = "$(BUILT_PRODUCTS_DIR)/Sluggo.app/Sluggo";
			};
			name = Release;
		};
		7D9963D6261EF3A5002338E7 /* Debug */ = {
			isa = XCBuildConfiguration;
			buildSettings = {
				ALWAYS_EMBED_SWIFT_STANDARD_LIBRARIES = YES;
				CODE_SIGN_STYLE = Automatic;
				DEVELOPMENT_TEAM = LUQ6CX5JDC;
				INFOPLIST_FILE = SluggoUITests/Info.plist;
				LD_RUNPATH_SEARCH_PATHS = (
					"$(inherited)",
					"@executable_path/Frameworks",
					"@loader_path/Frameworks",
				);
				PRODUCT_BUNDLE_IDENTIFIER = ex.sluggotrack.SluggoUITests;
				PRODUCT_NAME = "$(TARGET_NAME)";
				SWIFT_VERSION = 5.0;
				TARGETED_DEVICE_FAMILY = "1,2";
				TEST_TARGET_NAME = Sluggo;
			};
			name = Debug;
		};
		7D9963D7261EF3A5002338E7 /* Release */ = {
			isa = XCBuildConfiguration;
			buildSettings = {
				ALWAYS_EMBED_SWIFT_STANDARD_LIBRARIES = YES;
				CODE_SIGN_STYLE = Automatic;
				DEVELOPMENT_TEAM = LUQ6CX5JDC;
				INFOPLIST_FILE = SluggoUITests/Info.plist;
				LD_RUNPATH_SEARCH_PATHS = (
					"$(inherited)",
					"@executable_path/Frameworks",
					"@loader_path/Frameworks",
				);
				PRODUCT_BUNDLE_IDENTIFIER = ex.sluggotrack.SluggoUITests;
				PRODUCT_NAME = "$(TARGET_NAME)";
				SWIFT_VERSION = 5.0;
				TARGETED_DEVICE_FAMILY = "1,2";
				TEST_TARGET_NAME = Sluggo;
			};
			name = Release;
		};
/* End XCBuildConfiguration section */

/* Begin XCConfigurationList section */
		7D99639D261EF3A4002338E7 /* Build configuration list for PBXProject "Sluggo" */ = {
			isa = XCConfigurationList;
			buildConfigurations = (
				7D9963CD261EF3A5002338E7 /* Debug */,
				7D9963CE261EF3A5002338E7 /* Release */,
			);
			defaultConfigurationIsVisible = 0;
			defaultConfigurationName = Release;
		};
		7D9963CF261EF3A5002338E7 /* Build configuration list for PBXNativeTarget "Sluggo" */ = {
			isa = XCConfigurationList;
			buildConfigurations = (
				7D9963D0261EF3A5002338E7 /* Debug */,
				7D9963D1261EF3A5002338E7 /* Release */,
			);
			defaultConfigurationIsVisible = 0;
			defaultConfigurationName = Release;
		};
		7D9963D2261EF3A5002338E7 /* Build configuration list for PBXNativeTarget "SluggoTests" */ = {
			isa = XCConfigurationList;
			buildConfigurations = (
				7D9963D3261EF3A5002338E7 /* Debug */,
				7D9963D4261EF3A5002338E7 /* Release */,
			);
			defaultConfigurationIsVisible = 0;
			defaultConfigurationName = Release;
		};
		7D9963D5261EF3A5002338E7 /* Build configuration list for PBXNativeTarget "SluggoUITests" */ = {
			isa = XCConfigurationList;
			buildConfigurations = (
				7D9963D6261EF3A5002338E7 /* Debug */,
				7D9963D7261EF3A5002338E7 /* Release */,
			);
			defaultConfigurationIsVisible = 0;
			defaultConfigurationName = Release;
		};
/* End XCConfigurationList section */
	};
	rootObject = 7D99639A261EF3A4002338E7 /* Project object */;
}
