// !$*UTF8*$!
{
	archiveVersion = 1;
	classes = {
	};
	objectVersion = 52;
	objects = {

/* Begin PBXBuildFile section */
		051AAB0B2630FD6500BCB9C7 /* Constants.swift in Sources */ = {isa = PBXBuildFile; fileRef = 051AAB0A2630FD6500BCB9C7 /* Constants.swift */; };
		052258702636100B00B49CE4 /* LaunchViewController.swift in Sources */ = {isa = PBXBuildFile; fileRef = 0522586F2636100B00B49CE4 /* LaunchViewController.swift */; };
		2F2247AC262920AC006C6EE6 /* Token.swift in Sources */ = {isa = PBXBuildFile; fileRef = 2F2247AB262920AC006C6EE6 /* Token.swift */; };
		2F3AD7A32627C86A00B61A97 /* User.swift in Sources */ = {isa = PBXBuildFile; fileRef = 2F3AD7A22627C86A00B61A97 /* User.swift */; };
		2F3AD7A82627C89B00B61A97 /* Member.swift in Sources */ = {isa = PBXBuildFile; fileRef = 2F3AD7A72627C89B00B61A97 /* Member.swift */; };
		2F3AD7AD2627C8EF00B61A97 /* Team.swift in Sources */ = {isa = PBXBuildFile; fileRef = 2F3AD7AC2627C8EF00B61A97 /* Team.swift */; };
		2F3F66E2262DD3BA0040404C /* JsonLoader.swift in Sources */ = {isa = PBXBuildFile; fileRef = 2F3F66E1262DD3BA0040404C /* JsonLoader.swift */; };
		2F44E21D2639FA6B006CA85D /* TicketTests.swift in Sources */ = {isa = PBXBuildFile; fileRef = 2F44E21C2639FA6B006CA85D /* TicketTests.swift */; };
		2FD70D5D2636144300D13C75 /* LogoutMessage.swift in Sources */ = {isa = PBXBuildFile; fileRef = 2FD70D5C2636144300D13C75 /* LogoutMessage.swift */; };
		2FEF5DA9262D0E7C00434763 /* PaginatedList.swift in Sources */ = {isa = PBXBuildFile; fileRef = 2FEF5DA8262D0E7C00434763 /* PaginatedList.swift */; };
		2FEF5DAE262D1C4900434763 /* MemberTests.swift in Sources */ = {isa = PBXBuildFile; fileRef = 2FEF5DAD262D1C4900434763 /* MemberTests.swift */; };
		3A150A6726365A9A0052934B /* StatusRecord.swift in Sources */ = {isa = PBXBuildFile; fileRef = 3A150A6626365A9A0052934B /* StatusRecord.swift */; };
		3A150A6C26365B670052934B /* TagRecord.swift in Sources */ = {isa = PBXBuildFile; fileRef = 3A150A6B26365B670052934B /* TagRecord.swift */; };
		3A150A77263CB5F70052934B /* TicketDetail.storyboard in Resources */ = {isa = PBXBuildFile; fileRef = 3A150A76263CB5F70052934B /* TicketDetail.storyboard */; };
		3A150A7F263CBA860052934B /* TicketDetailViewController.swift in Sources */ = {isa = PBXBuildFile; fileRef = 3A150A7E263CBA860052934B /* TicketDetailViewController.swift */; };
		5A00A0142639EDEA0085C8C6 /* URLRequestBuilder.swift in Sources */ = {isa = PBXBuildFile; fileRef = 5A00A0132639EDEA0085C8C6 /* URLRequestBuilder.swift */; };
		5A00A045263A34CC0085C8C6 /* TicketTableViewCell.swift in Sources */ = {isa = PBXBuildFile; fileRef = 5A00A044263A34CC0085C8C6 /* TicketTableViewCell.swift */; };
		5A673570263BF2D200C4C778 /* UIColor.swift in Sources */ = {isa = PBXBuildFile; fileRef = 5A67356F263BF2D200C4C778 /* UIColor.swift */; };
		5A79FFE1262E562A00D04320 /* Main.storyboard in Resources */ = {isa = PBXBuildFile; fileRef = 5A79FFE0262E562A00D04320 /* Main.storyboard */; };
		5A79FFE6262E563F00D04320 /* LoginViewController.swift in Sources */ = {isa = PBXBuildFile; fileRef = 5A79FFE5262E563F00D04320 /* LoginViewController.swift */; };
		5A9C4C1C2640BC4E00B270AB /* TeamTableViewController.swift in Sources */ = {isa = PBXBuildFile; fileRef = 5A9C4C1B2640BC4E00B270AB /* TeamTableViewController.swift */; };
		5A9C4C212641113D00B270AB /* TeamSelectorContainerViewController.swift in Sources */ = {isa = PBXBuildFile; fileRef = 5A9C4C202641113D00B270AB /* TeamSelectorContainerViewController.swift */; };
		5A9FF88926386D1400378550 /* Ticket.storyboard in Resources */ = {isa = PBXBuildFile; fileRef = 5A9FF88826386D1400378550 /* Ticket.storyboard */; };
		5A9FF88E26386D4700378550 /* TicketListController.swift in Sources */ = {isa = PBXBuildFile; fileRef = 5A9FF88D26386D4700378550 /* TicketListController.swift */; };
		5AB1C8DD262FE2DD0010F85E /* TeamManager.swift in Sources */ = {isa = PBXBuildFile; fileRef = 5AB1C8DC262FE2DD0010F85E /* TeamManager.swift */; };
		5AB1C8E5262FE2E60010F85E /* TicketManager.swift in Sources */ = {isa = PBXBuildFile; fileRef = 5AB1C8E4262FE2E60010F85E /* TicketManager.swift */; };
		5AB1C8EA262FE2EF0010F85E /* MemberManager.swift in Sources */ = {isa = PBXBuildFile; fileRef = 5AB1C8E9262FE2EF0010F85E /* MemberManager.swift */; };
		5AB1C8EF262FE3210010F85E /* TagManager.swift in Sources */ = {isa = PBXBuildFile; fileRef = 5AB1C8EE262FE3210010F85E /* TagManager.swift */; };
		5AB1C8F7262FE3520010F85E /* AppIdentity.swift in Sources */ = {isa = PBXBuildFile; fileRef = 5AB1C8F6262FE3520010F85E /* AppIdentity.swift */; };
		5AB1C8FC262FF1690010F85E /* TicketRecord.swift in Sources */ = {isa = PBXBuildFile; fileRef = 5AB1C8FB262FF1690010F85E /* TicketRecord.swift */; };
		5AB1C909262FFF500010F85E /* UserManager.swift in Sources */ = {isa = PBXBuildFile; fileRef = 5AB1C908262FFF500010F85E /* UserManager.swift */; };
		5AB1F18F26435F9600993D1A /* NullCodable in Frameworks */ = {isa = PBXBuildFile; productRef = 5AB1F18E26435F9600993D1A /* NullCodable */; };
		5AC6459026412F0C00F46137 /* TeamTableViewCell.swift in Sources */ = {isa = PBXBuildFile; fileRef = 5AC6458F26412F0C00F46137 /* TeamTableViewCell.swift */; };
		5ACC0F012630CA1400DCF83E /* ErrorMessage.swift in Sources */ = {isa = PBXBuildFile; fileRef = 5ACC0F002630CA1400DCF83E /* ErrorMessage.swift */; };
		5ACC0F062630CA2700DCF83E /* Exceptions.swift in Sources */ = {isa = PBXBuildFile; fileRef = 5ACC0F052630CA2700DCF83E /* Exceptions.swift */; };
		7D1354FC262D026E00D38EE0 /* UserTests.swift in Sources */ = {isa = PBXBuildFile; fileRef = 7D1354FB262D026E00D38EE0 /* UserTests.swift */; };
		7D1DA6AE262B82C200E7C12D /* RootViewController.swift in Sources */ = {isa = PBXBuildFile; fileRef = 7D1DA6AD262B82C200E7C12D /* RootViewController.swift */; };
		7D1DA6B7262B866D00E7C12D /* SidebarData.swift in Sources */ = {isa = PBXBuildFile; fileRef = 7D1DA6B6262B866D00E7C12D /* SidebarData.swift */; };
		7D23834B264119050091C7E8 /* HomeTableViewController.swift in Sources */ = {isa = PBXBuildFile; fileRef = 7D23834A264119050091C7E8 /* HomeTableViewController.swift */; };
		7D53BE6926433D6600400D0E /* PinnedTicketManager.swift in Sources */ = {isa = PBXBuildFile; fileRef = 7D53BE6826433D6600400D0E /* PinnedTicketManager.swift */; };
		7D9963A6261EF3A4002338E7 /* AppDelegate.swift in Sources */ = {isa = PBXBuildFile; fileRef = 7D9963A5261EF3A4002338E7 /* AppDelegate.swift */; };
		7D9963AD261EF3A4002338E7 /* Root.storyboard in Resources */ = {isa = PBXBuildFile; fileRef = 7D9963AB261EF3A4002338E7 /* Root.storyboard */; };
		7D9963B2261EF3A5002338E7 /* Assets.xcassets in Resources */ = {isa = PBXBuildFile; fileRef = 7D9963B1261EF3A5002338E7 /* Assets.xcassets */; };
		7D9963C0261EF3A5002338E7 /* SluggoTests.swift in Sources */ = {isa = PBXBuildFile; fileRef = 7D9963BF261EF3A5002338E7 /* SluggoTests.swift */; };
		7D9963CB261EF3A5002338E7 /* SluggoUITests.swift in Sources */ = {isa = PBXBuildFile; fileRef = 7D9963CA261EF3A5002338E7 /* SluggoUITests.swift */; };
		7DC2A21726293F360002CEE6 /* Home.storyboard in Resources */ = {isa = PBXBuildFile; fileRef = 7DC2A21626293F360002CEE6 /* Home.storyboard */; };
		7DC2A21C262943A70002CEE6 /* Sidebar.storyboard in Resources */ = {isa = PBXBuildFile; fileRef = 7DC2A21B262943A70002CEE6 /* Sidebar.storyboard */; };
		7DC2A227262948800002CEE6 /* SluggoSidebarContainerViewController.swift in Sources */ = {isa = PBXBuildFile; fileRef = 7DC2A226262948800002CEE6 /* SluggoSidebarContainerViewController.swift */; };
		7DC54AE526437AB3000C8300 /* PinnedTicket.swift in Sources */ = {isa = PBXBuildFile; fileRef = 7DC54AE426437AB3000C8300 /* PinnedTicket.swift */; };
		7DC54AE7264382C9000C8300 /* WritePinnedTicketRecord.swift in Sources */ = {isa = PBXBuildFile; fileRef = 7DC54AE6264382C9000C8300 /* WritePinnedTicketRecord.swift */; };
		7DEA17852639E7B5004E5A71 /* LaunchScreen.storyboard in Resources */ = {isa = PBXBuildFile; fileRef = 7DEA17842639E7B5004E5A71 /* LaunchScreen.storyboard */; };
/* End PBXBuildFile section */

/* Begin PBXContainerItemProxy section */
		7D9963BC261EF3A5002338E7 /* PBXContainerItemProxy */ = {
			isa = PBXContainerItemProxy;
			containerPortal = 7D99639A261EF3A4002338E7 /* Project object */;
			proxyType = 1;
			remoteGlobalIDString = 7D9963A1261EF3A4002338E7;
			remoteInfo = Sluggo;
		};
		7D9963C7261EF3A5002338E7 /* PBXContainerItemProxy */ = {
			isa = PBXContainerItemProxy;
			containerPortal = 7D99639A261EF3A4002338E7 /* Project object */;
			proxyType = 1;
			remoteGlobalIDString = 7D9963A1261EF3A4002338E7;
			remoteInfo = Sluggo;
		};
/* End PBXContainerItemProxy section */

/* Begin PBXFileReference section */
		051AAB0A2630FD6500BCB9C7 /* Constants.swift */ = {isa = PBXFileReference; lastKnownFileType = sourcecode.swift; path = Constants.swift; sourceTree = "<group>"; };
		0522586F2636100B00B49CE4 /* LaunchViewController.swift */ = {isa = PBXFileReference; lastKnownFileType = sourcecode.swift; path = LaunchViewController.swift; sourceTree = "<group>"; };
		2F2247AB262920AC006C6EE6 /* Token.swift */ = {isa = PBXFileReference; lastKnownFileType = sourcecode.swift; path = Token.swift; sourceTree = "<group>"; };
		2F3AD7A22627C86A00B61A97 /* User.swift */ = {isa = PBXFileReference; lastKnownFileType = sourcecode.swift; path = User.swift; sourceTree = "<group>"; };
		2F3AD7A72627C89B00B61A97 /* Member.swift */ = {isa = PBXFileReference; lastKnownFileType = sourcecode.swift; path = Member.swift; sourceTree = "<group>"; };
		2F3AD7AC2627C8EF00B61A97 /* Team.swift */ = {isa = PBXFileReference; lastKnownFileType = sourcecode.swift; path = Team.swift; sourceTree = "<group>"; };
		2F3F66E1262DD3BA0040404C /* JsonLoader.swift */ = {isa = PBXFileReference; lastKnownFileType = sourcecode.swift; path = JsonLoader.swift; sourceTree = "<group>"; };
		2F44E21C2639FA6B006CA85D /* TicketTests.swift */ = {isa = PBXFileReference; lastKnownFileType = sourcecode.swift; path = TicketTests.swift; sourceTree = "<group>"; };
		2FD70D5C2636144300D13C75 /* LogoutMessage.swift */ = {isa = PBXFileReference; lastKnownFileType = sourcecode.swift; path = LogoutMessage.swift; sourceTree = "<group>"; };
		2FEF5DA8262D0E7C00434763 /* PaginatedList.swift */ = {isa = PBXFileReference; lastKnownFileType = sourcecode.swift; path = PaginatedList.swift; sourceTree = "<group>"; };
		2FEF5DAD262D1C4900434763 /* MemberTests.swift */ = {isa = PBXFileReference; lastKnownFileType = sourcecode.swift; path = MemberTests.swift; sourceTree = "<group>"; };
		3A150A6626365A9A0052934B /* StatusRecord.swift */ = {isa = PBXFileReference; lastKnownFileType = sourcecode.swift; path = StatusRecord.swift; sourceTree = "<group>"; };
		3A150A6B26365B670052934B /* TagRecord.swift */ = {isa = PBXFileReference; lastKnownFileType = sourcecode.swift; path = TagRecord.swift; sourceTree = "<group>"; };
		3A150A76263CB5F70052934B /* TicketDetail.storyboard */ = {isa = PBXFileReference; lastKnownFileType = file.storyboard; path = TicketDetail.storyboard; sourceTree = "<group>"; };
		3A150A7E263CBA860052934B /* TicketDetailViewController.swift */ = {isa = PBXFileReference; lastKnownFileType = sourcecode.swift; path = TicketDetailViewController.swift; sourceTree = "<group>"; };
		5A00A0132639EDEA0085C8C6 /* URLRequestBuilder.swift */ = {isa = PBXFileReference; lastKnownFileType = sourcecode.swift; path = URLRequestBuilder.swift; sourceTree = "<group>"; };
		5A00A044263A34CC0085C8C6 /* TicketTableViewCell.swift */ = {isa = PBXFileReference; lastKnownFileType = sourcecode.swift; path = TicketTableViewCell.swift; sourceTree = "<group>"; };
		5A67356F263BF2D200C4C778 /* UIColor.swift */ = {isa = PBXFileReference; lastKnownFileType = sourcecode.swift; path = UIColor.swift; sourceTree = "<group>"; };
		5A79FFE0262E562A00D04320 /* Main.storyboard */ = {isa = PBXFileReference; fileEncoding = 4; lastKnownFileType = file.storyboard; path = Main.storyboard; sourceTree = "<group>"; };
		5A79FFE5262E563F00D04320 /* LoginViewController.swift */ = {isa = PBXFileReference; fileEncoding = 4; lastKnownFileType = sourcecode.swift; path = LoginViewController.swift; sourceTree = "<group>"; };
		5A9C4C1B2640BC4E00B270AB /* TeamTableViewController.swift */ = {isa = PBXFileReference; lastKnownFileType = sourcecode.swift; path = TeamTableViewController.swift; sourceTree = "<group>"; };
		5A9C4C202641113D00B270AB /* TeamSelectorContainerViewController.swift */ = {isa = PBXFileReference; lastKnownFileType = sourcecode.swift; path = TeamSelectorContainerViewController.swift; sourceTree = "<group>"; };
		5A9FF88826386D1400378550 /* Ticket.storyboard */ = {isa = PBXFileReference; lastKnownFileType = file.storyboard; path = Ticket.storyboard; sourceTree = "<group>"; };
		5A9FF88D26386D4700378550 /* TicketListController.swift */ = {isa = PBXFileReference; lastKnownFileType = sourcecode.swift; path = TicketListController.swift; sourceTree = "<group>"; };
		5AB1C8DC262FE2DD0010F85E /* TeamManager.swift */ = {isa = PBXFileReference; lastKnownFileType = sourcecode.swift; path = TeamManager.swift; sourceTree = "<group>"; };
		5AB1C8E4262FE2E60010F85E /* TicketManager.swift */ = {isa = PBXFileReference; lastKnownFileType = sourcecode.swift; path = TicketManager.swift; sourceTree = "<group>"; };
		5AB1C8E9262FE2EF0010F85E /* MemberManager.swift */ = {isa = PBXFileReference; lastKnownFileType = sourcecode.swift; path = MemberManager.swift; sourceTree = "<group>"; };
		5AB1C8EE262FE3210010F85E /* TagManager.swift */ = {isa = PBXFileReference; lastKnownFileType = sourcecode.swift; path = TagManager.swift; sourceTree = "<group>"; };
		5AB1C8F6262FE3520010F85E /* AppIdentity.swift */ = {isa = PBXFileReference; lastKnownFileType = sourcecode.swift; path = AppIdentity.swift; sourceTree = "<group>"; };
		5AB1C8FB262FF1690010F85E /* TicketRecord.swift */ = {isa = PBXFileReference; lastKnownFileType = sourcecode.swift; path = TicketRecord.swift; sourceTree = "<group>"; };
		5AB1C908262FFF500010F85E /* UserManager.swift */ = {isa = PBXFileReference; lastKnownFileType = sourcecode.swift; path = UserManager.swift; sourceTree = "<group>"; };
		5AC6458F26412F0C00F46137 /* TeamTableViewCell.swift */ = {isa = PBXFileReference; lastKnownFileType = sourcecode.swift; path = TeamTableViewCell.swift; sourceTree = "<group>"; };
		5ACC0F002630CA1400DCF83E /* ErrorMessage.swift */ = {isa = PBXFileReference; lastKnownFileType = sourcecode.swift; path = ErrorMessage.swift; sourceTree = "<group>"; };
		5ACC0F052630CA2700DCF83E /* Exceptions.swift */ = {isa = PBXFileReference; lastKnownFileType = sourcecode.swift; path = Exceptions.swift; sourceTree = "<group>"; };
		7D1354FB262D026E00D38EE0 /* UserTests.swift */ = {isa = PBXFileReference; lastKnownFileType = sourcecode.swift; path = UserTests.swift; sourceTree = "<group>"; };
		7D1DA6AD262B82C200E7C12D /* RootViewController.swift */ = {isa = PBXFileReference; lastKnownFileType = sourcecode.swift; name = RootViewController.swift; path = "Sluggo/View Controllers/RootViewController.swift"; sourceTree = SOURCE_ROOT; };
		7D1DA6B6262B866D00E7C12D /* SidebarData.swift */ = {isa = PBXFileReference; lastKnownFileType = sourcecode.swift; path = SidebarData.swift; sourceTree = "<group>"; };
		7D23834A264119050091C7E8 /* HomeTableViewController.swift */ = {isa = PBXFileReference; lastKnownFileType = sourcecode.swift; name = HomeTableViewController.swift; path = "Sluggo/View Controllers/HomeTableViewController.swift"; sourceTree = SOURCE_ROOT; };
		7D53BE6826433D6600400D0E /* PinnedTicketManager.swift */ = {isa = PBXFileReference; lastKnownFileType = sourcecode.swift; path = PinnedTicketManager.swift; sourceTree = "<group>"; };
		7D9963A2261EF3A4002338E7 /* Sluggo.app */ = {isa = PBXFileReference; explicitFileType = wrapper.application; includeInIndex = 0; path = Sluggo.app; sourceTree = BUILT_PRODUCTS_DIR; };
		7D9963A5261EF3A4002338E7 /* AppDelegate.swift */ = {isa = PBXFileReference; lastKnownFileType = sourcecode.swift; path = AppDelegate.swift; sourceTree = "<group>"; };
		7D9963AC261EF3A4002338E7 /* Base */ = {isa = PBXFileReference; lastKnownFileType = file.storyboard; name = Base; path = Base.lproj/Root.storyboard; sourceTree = "<group>"; };
		7D9963B1261EF3A5002338E7 /* Assets.xcassets */ = {isa = PBXFileReference; lastKnownFileType = folder.assetcatalog; path = Assets.xcassets; sourceTree = "<group>"; };
		7D9963B6261EF3A5002338E7 /* Info.plist */ = {isa = PBXFileReference; lastKnownFileType = text.plist.xml; path = Info.plist; sourceTree = "<group>"; };
		7D9963BB261EF3A5002338E7 /* SluggoTests.xctest */ = {isa = PBXFileReference; explicitFileType = wrapper.cfbundle; includeInIndex = 0; path = SluggoTests.xctest; sourceTree = BUILT_PRODUCTS_DIR; };
		7D9963BF261EF3A5002338E7 /* SluggoTests.swift */ = {isa = PBXFileReference; lastKnownFileType = sourcecode.swift; path = SluggoTests.swift; sourceTree = "<group>"; };
		7D9963C1261EF3A5002338E7 /* Info.plist */ = {isa = PBXFileReference; lastKnownFileType = text.plist.xml; path = Info.plist; sourceTree = "<group>"; };
		7D9963C6261EF3A5002338E7 /* SluggoUITests.xctest */ = {isa = PBXFileReference; explicitFileType = wrapper.cfbundle; includeInIndex = 0; path = SluggoUITests.xctest; sourceTree = BUILT_PRODUCTS_DIR; };
		7D9963CA261EF3A5002338E7 /* SluggoUITests.swift */ = {isa = PBXFileReference; lastKnownFileType = sourcecode.swift; path = SluggoUITests.swift; sourceTree = "<group>"; };
		7D9963CC261EF3A5002338E7 /* Info.plist */ = {isa = PBXFileReference; lastKnownFileType = text.plist.xml; path = Info.plist; sourceTree = "<group>"; };
		7DC2A21626293F360002CEE6 /* Home.storyboard */ = {isa = PBXFileReference; lastKnownFileType = file.storyboard; path = Home.storyboard; sourceTree = "<group>"; };
		7DC2A21B262943A70002CEE6 /* Sidebar.storyboard */ = {isa = PBXFileReference; lastKnownFileType = file.storyboard; path = Sidebar.storyboard; sourceTree = "<group>"; };
		7DC2A226262948800002CEE6 /* SluggoSidebarContainerViewController.swift */ = {isa = PBXFileReference; lastKnownFileType = sourcecode.swift; path = SluggoSidebarContainerViewController.swift; sourceTree = "<group>"; };
		7DC54AE426437AB3000C8300 /* PinnedTicket.swift */ = {isa = PBXFileReference; lastKnownFileType = sourcecode.swift; path = PinnedTicket.swift; sourceTree = "<group>"; };
		7DC54AE6264382C9000C8300 /* WritePinnedTicketRecord.swift */ = {isa = PBXFileReference; lastKnownFileType = sourcecode.swift; path = WritePinnedTicketRecord.swift; sourceTree = "<group>"; };
		7DEA17842639E7B5004E5A71 /* LaunchScreen.storyboard */ = {isa = PBXFileReference; lastKnownFileType = file.storyboard; path = LaunchScreen.storyboard; sourceTree = "<group>"; };
/* End PBXFileReference section */

/* Begin PBXFrameworksBuildPhase section */
		7D99639F261EF3A4002338E7 /* Frameworks */ = {
			isa = PBXFrameworksBuildPhase;
			buildActionMask = 2147483647;
			files = (
				5AB1F18F26435F9600993D1A /* NullCodable in Frameworks */,
			);
			runOnlyForDeploymentPostprocessing = 0;
		};
		7D9963B8261EF3A5002338E7 /* Frameworks */ = {
			isa = PBXFrameworksBuildPhase;
			buildActionMask = 2147483647;
			files = (
			);
			runOnlyForDeploymentPostprocessing = 0;
		};
		7D9963C3261EF3A5002338E7 /* Frameworks */ = {
			isa = PBXFrameworksBuildPhase;
			buildActionMask = 2147483647;
			files = (
			);
			runOnlyForDeploymentPostprocessing = 0;
		};
/* End PBXFrameworksBuildPhase section */

/* Begin PBXGroup section */
		2F81E6E62627E85000B6D86D /* Models */ = {
			isa = PBXGroup;
			children = (
				5AB1C8DB262FE29E0010F85E /* Managers */,
				5A79FFED262E5FEF00D04320 /* Codables */,
				2F3F66E1262DD3BA0040404C /* JsonLoader.swift */,
				7D1DA6B6262B866D00E7C12D /* SidebarData.swift */,
				5AB1C8F6262FE3520010F85E /* AppIdentity.swift */,
				051AAB0A2630FD6500BCB9C7 /* Constants.swift */,
				5ACC0F052630CA2700DCF83E /* Exceptions.swift */,
				5A00A0132639EDEA0085C8C6 /* URLRequestBuilder.swift */,
			);
			path = Models;
			sourceTree = "<group>";
		};
		5A00A043263A349F0085C8C6 /* Components */ = {
			isa = PBXGroup;
			children = (
				5A00A044263A34CC0085C8C6 /* TicketTableViewCell.swift */,
				5AC6458F26412F0C00F46137 /* TeamTableViewCell.swift */,
			);
			path = Components;
			sourceTree = "<group>";
		};
		5A67356E263BF2C600C4C778 /* Extensions */ = {
			isa = PBXGroup;
			children = (
				5A67356F263BF2D200C4C778 /* UIColor.swift */,
			);
			path = Extensions;
			sourceTree = "<group>";
		};
		5A79FFED262E5FEF00D04320 /* Codables */ = {
			isa = PBXGroup;
			children = (
				2F3AD7A22627C86A00B61A97 /* User.swift */,
				2F3AD7A72627C89B00B61A97 /* Member.swift */,
				2F3AD7AC2627C8EF00B61A97 /* Team.swift */,
				2F2247AB262920AC006C6EE6 /* Token.swift */,
				2FEF5DA8262D0E7C00434763 /* PaginatedList.swift */,
				5AB1C8FB262FF1690010F85E /* TicketRecord.swift */,
				5ACC0F002630CA1400DCF83E /* ErrorMessage.swift */,
				2FD70D5C2636144300D13C75 /* LogoutMessage.swift */,
				3A150A6626365A9A0052934B /* StatusRecord.swift */,
				3A150A6B26365B670052934B /* TagRecord.swift */,
				7DC54AE426437AB3000C8300 /* PinnedTicket.swift */,
				7DC54AE6264382C9000C8300 /* WritePinnedTicketRecord.swift */,
			);
			path = Codables;
			sourceTree = "<group>";
		};
		5AB1C8DB262FE29E0010F85E /* Managers */ = {
			isa = PBXGroup;
			children = (
				5AB1C8DC262FE2DD0010F85E /* TeamManager.swift */,
				5AB1C8E4262FE2E60010F85E /* TicketManager.swift */,
				7D53BE6826433D6600400D0E /* PinnedTicketManager.swift */,
				5AB1C8E9262FE2EF0010F85E /* MemberManager.swift */,
				5AB1C8EE262FE3210010F85E /* TagManager.swift */,
				5AB1C908262FFF500010F85E /* UserManager.swift */,
			);
			path = Managers;
			sourceTree = "<group>";
		};
		7D996399261EF3A4002338E7 = {
			isa = PBXGroup;
			children = (
				7D9963A4261EF3A4002338E7 /* Sluggo */,
				7D9963BE261EF3A5002338E7 /* SluggoTests */,
				7D9963C9261EF3A5002338E7 /* SluggoUITests */,
				7D9963A3261EF3A4002338E7 /* Products */,
			);
			sourceTree = "<group>";
		};
		7D9963A3261EF3A4002338E7 /* Products */ = {
			isa = PBXGroup;
			children = (
				7D9963A2261EF3A4002338E7 /* Sluggo.app */,
				7D9963BB261EF3A5002338E7 /* SluggoTests.xctest */,
				7D9963C6261EF3A5002338E7 /* SluggoUITests.xctest */,
			);
			name = Products;
			sourceTree = "<group>";
		};
		7D9963A4261EF3A4002338E7 /* Sluggo */ = {
			isa = PBXGroup;
			children = (
				5A67356E263BF2C600C4C778 /* Extensions */,
				5A00A043263A349F0085C8C6 /* Components */,
				7DC2A2202629442B0002CEE6 /* View Controllers */,
				7DC2A21526293F1E0002CEE6 /* Storyboards */,
				2F81E6E62627E85000B6D86D /* Models */,
				7D9963A5261EF3A4002338E7 /* AppDelegate.swift */,
				7D9963B1261EF3A5002338E7 /* Assets.xcassets */,
				7D9963B6261EF3A5002338E7 /* Info.plist */,
			);
			path = Sluggo;
			sourceTree = "<group>";
		};
		7D9963BE261EF3A5002338E7 /* SluggoTests */ = {
			isa = PBXGroup;
			children = (
				7D9963BF261EF3A5002338E7 /* SluggoTests.swift */,
				7D9963C1261EF3A5002338E7 /* Info.plist */,
				7D1354FB262D026E00D38EE0 /* UserTests.swift */,
				2FEF5DAD262D1C4900434763 /* MemberTests.swift */,
				2F44E21C2639FA6B006CA85D /* TicketTests.swift */,
			);
			path = SluggoTests;
			sourceTree = "<group>";
		};
		7D9963C9261EF3A5002338E7 /* SluggoUITests */ = {
			isa = PBXGroup;
			children = (
				7D9963CA261EF3A5002338E7 /* SluggoUITests.swift */,
				7D9963CC261EF3A5002338E7 /* Info.plist */,
			);
			path = SluggoUITests;
			sourceTree = "<group>";
		};
		7DC2A21526293F1E0002CEE6 /* Storyboards */ = {
			isa = PBXGroup;
			children = (
				5A79FFE0262E562A00D04320 /* Main.storyboard */,
				7D9963AB261EF3A4002338E7 /* Root.storyboard */,
				7DC2A21626293F360002CEE6 /* Home.storyboard */,
				7DC2A21B262943A70002CEE6 /* Sidebar.storyboard */,
				5A9FF88826386D1400378550 /* Ticket.storyboard */,
				7DEA17842639E7B5004E5A71 /* LaunchScreen.storyboard */,
				3A150A76263CB5F70052934B /* TicketDetail.storyboard */,
			);
			path = Storyboards;
			sourceTree = "<group>";
		};
		7DC2A2202629442B0002CEE6 /* View Controllers */ = {
			isa = PBXGroup;
			children = (
				0522586F2636100B00B49CE4 /* LaunchViewController.swift */,
				5A79FFE5262E563F00D04320 /* LoginViewController.swift */,
				7D1DA6AD262B82C200E7C12D /* RootViewController.swift */,
				7DC2A226262948800002CEE6 /* SluggoSidebarContainerViewController.swift */,
				5A9FF88D26386D4700378550 /* TicketListController.swift */,
				7D23834A264119050091C7E8 /* HomeTableViewController.swift */,
				3A150A7E263CBA860052934B /* TicketDetailViewController.swift */,
				5A9C4C1B2640BC4E00B270AB /* TeamTableViewController.swift */,
				5A9C4C202641113D00B270AB /* TeamSelectorContainerViewController.swift */,
			);
			path = "View Controllers";
			sourceTree = "<group>";
		};
/* End PBXGroup section */

/* Begin PBXNativeTarget section */
		7D9963A1261EF3A4002338E7 /* Sluggo */ = {
			isa = PBXNativeTarget;
			buildConfigurationList = 7D9963CF261EF3A5002338E7 /* Build configuration list for PBXNativeTarget "Sluggo" */;
			buildPhases = (
				7D99639E261EF3A4002338E7 /* Sources */,
				7D99639F261EF3A4002338E7 /* Frameworks */,
				7D9963A0261EF3A4002338E7 /* Resources */,
			);
			buildRules = (
			);
			dependencies = (
			);
			name = Sluggo;
			packageProductDependencies = (
				5AB1F18E26435F9600993D1A /* NullCodable */,
			);
			productName = Sluggo;
			productReference = 7D9963A2261EF3A4002338E7 /* Sluggo.app */;
			productType = "com.apple.product-type.application";
		};
		7D9963BA261EF3A5002338E7 /* SluggoTests */ = {
			isa = PBXNativeTarget;
			buildConfigurationList = 7D9963D2261EF3A5002338E7 /* Build configuration list for PBXNativeTarget "SluggoTests" */;
			buildPhases = (
				7D9963B7261EF3A5002338E7 /* Sources */,
				7D9963B8261EF3A5002338E7 /* Frameworks */,
				7D9963B9261EF3A5002338E7 /* Resources */,
			);
			buildRules = (
			);
			dependencies = (
				7D9963BD261EF3A5002338E7 /* PBXTargetDependency */,
			);
			name = SluggoTests;
			productName = SluggoTests;
			productReference = 7D9963BB261EF3A5002338E7 /* SluggoTests.xctest */;
			productType = "com.apple.product-type.bundle.unit-test";
		};
		7D9963C5261EF3A5002338E7 /* SluggoUITests */ = {
			isa = PBXNativeTarget;
			buildConfigurationList = 7D9963D5261EF3A5002338E7 /* Build configuration list for PBXNativeTarget "SluggoUITests" */;
			buildPhases = (
				7D9963C2261EF3A5002338E7 /* Sources */,
				7D9963C3261EF3A5002338E7 /* Frameworks */,
				7D9963C4261EF3A5002338E7 /* Resources */,
			);
			buildRules = (
			);
			dependencies = (
				7D9963C8261EF3A5002338E7 /* PBXTargetDependency */,
			);
			name = SluggoUITests;
			productName = SluggoUITests;
			productReference = 7D9963C6261EF3A5002338E7 /* SluggoUITests.xctest */;
			productType = "com.apple.product-type.bundle.ui-testing";
		};
/* End PBXNativeTarget section */

/* Begin PBXProject section */
		7D99639A261EF3A4002338E7 /* Project object */ = {
			isa = PBXProject;
			attributes = {
				LastSwiftUpdateCheck = 1240;
				LastUpgradeCheck = 1240;
				TargetAttributes = {
					7D9963A1261EF3A4002338E7 = {
						CreatedOnToolsVersion = 12.4;
					};
					7D9963BA261EF3A5002338E7 = {
						CreatedOnToolsVersion = 12.4;
						TestTargetID = 7D9963A1261EF3A4002338E7;
					};
					7D9963C5261EF3A5002338E7 = {
						CreatedOnToolsVersion = 12.4;
						TestTargetID = 7D9963A1261EF3A4002338E7;
					};
				};
			};
			buildConfigurationList = 7D99639D261EF3A4002338E7 /* Build configuration list for PBXProject "Sluggo" */;
			compatibilityVersion = "Xcode 9.3";
			developmentRegion = en;
			hasScannedForEncodings = 0;
			knownRegions = (
				en,
				Base,
			);
			mainGroup = 7D996399261EF3A4002338E7;
			packageReferences = (
				5AB1F18D26435F9600993D1A /* XCRemoteSwiftPackageReference "NullCodable" */,
			);
			productRefGroup = 7D9963A3261EF3A4002338E7 /* Products */;
			projectDirPath = "";
			projectRoot = "";
			targets = (
				7D9963A1261EF3A4002338E7 /* Sluggo */,
				7D9963BA261EF3A5002338E7 /* SluggoTests */,
				7D9963C5261EF3A5002338E7 /* SluggoUITests */,
			);
		};
/* End PBXProject section */

/* Begin PBXResourcesBuildPhase section */
		7D9963A0261EF3A4002338E7 /* Resources */ = {
			isa = PBXResourcesBuildPhase;
			buildActionMask = 2147483647;
			files = (
				7D9963B2261EF3A5002338E7 /* Assets.xcassets in Resources */,
				5A9FF88926386D1400378550 /* Ticket.storyboard in Resources */,
				5A79FFE1262E562A00D04320 /* Main.storyboard in Resources */,
				7D9963AD261EF3A4002338E7 /* Root.storyboard in Resources */,
				7DEA17852639E7B5004E5A71 /* LaunchScreen.storyboard in Resources */,
				3A150A77263CB5F70052934B /* TicketDetail.storyboard in Resources */,
				7DC2A21726293F360002CEE6 /* Home.storyboard in Resources */,
				7DC2A21C262943A70002CEE6 /* Sidebar.storyboard in Resources */,
			);
			runOnlyForDeploymentPostprocessing = 0;
		};
		7D9963B9261EF3A5002338E7 /* Resources */ = {
			isa = PBXResourcesBuildPhase;
			buildActionMask = 2147483647;
			files = (
			);
			runOnlyForDeploymentPostprocessing = 0;
		};
		7D9963C4261EF3A5002338E7 /* Resources */ = {
			isa = PBXResourcesBuildPhase;
			buildActionMask = 2147483647;
			files = (
			);
			runOnlyForDeploymentPostprocessing = 0;
		};
/* End PBXResourcesBuildPhase section */

/* Begin PBXSourcesBuildPhase section */
		7D99639E261EF3A4002338E7 /* Sources */ = {
			isa = PBXSourcesBuildPhase;
			buildActionMask = 2147483647;
			files = (
				5A9C4C212641113D00B270AB /* TeamSelectorContainerViewController.swift in Sources */,
				5A79FFE6262E563F00D04320 /* LoginViewController.swift in Sources */,
				5AB1C8FC262FF1690010F85E /* TicketRecord.swift in Sources */,
				3A150A7F263CBA860052934B /* TicketDetailViewController.swift in Sources */,
				7D1DA6B7262B866D00E7C12D /* SidebarData.swift in Sources */,
				5A00A0142639EDEA0085C8C6 /* URLRequestBuilder.swift in Sources */,
				7DC54AE7264382C9000C8300 /* WritePinnedTicketRecord.swift in Sources */,
				2FD70D5D2636144300D13C75 /* LogoutMessage.swift in Sources */,
				5AB1C8EA262FE2EF0010F85E /* MemberManager.swift in Sources */,
				5A9C4C1C2640BC4E00B270AB /* TeamTableViewController.swift in Sources */,
				2F3AD7AD2627C8EF00B61A97 /* Team.swift in Sources */,
				7DC54AE526437AB3000C8300 /* PinnedTicket.swift in Sources */,
				7DC2A227262948800002CEE6 /* SluggoSidebarContainerViewController.swift in Sources */,
				5AC6459026412F0C00F46137 /* TeamTableViewCell.swift in Sources */,
				051AAB0B2630FD6500BCB9C7 /* Constants.swift in Sources */,
				2F3F66E2262DD3BA0040404C /* JsonLoader.swift in Sources */,
				2F2247AC262920AC006C6EE6 /* Token.swift in Sources */,
				7D1DA6AE262B82C200E7C12D /* RootViewController.swift in Sources */,
				5ACC0F012630CA1400DCF83E /* ErrorMessage.swift in Sources */,
				2F3AD7A32627C86A00B61A97 /* User.swift in Sources */,
				052258702636100B00B49CE4 /* LaunchViewController.swift in Sources */,
				3A150A6726365A9A0052934B /* StatusRecord.swift in Sources */,
				7D53BE6926433D6600400D0E /* PinnedTicketManager.swift in Sources */,
				5ACC0F062630CA2700DCF83E /* Exceptions.swift in Sources */,
				5AB1C8F7262FE3520010F85E /* AppIdentity.swift in Sources */,
				7D9963A6261EF3A4002338E7 /* AppDelegate.swift in Sources */,
				5A673570263BF2D200C4C778 /* UIColor.swift in Sources */,
				3A150A6C26365B670052934B /* TagRecord.swift in Sources */,
				7D23834B264119050091C7E8 /* HomeTableViewController.swift in Sources */,
				5AB1C8EF262FE3210010F85E /* TagManager.swift in Sources */,
				5A9FF88E26386D4700378550 /* TicketListController.swift in Sources */,
				5AB1C8E5262FE2E60010F85E /* TicketManager.swift in Sources */,
				2F3AD7A82627C89B00B61A97 /* Member.swift in Sources */,
				5AB1C8DD262FE2DD0010F85E /* TeamManager.swift in Sources */,
				5A00A045263A34CC0085C8C6 /* TicketTableViewCell.swift in Sources */,
				5AB1C909262FFF500010F85E /* UserManager.swift in Sources */,
				2FEF5DA9262D0E7C00434763 /* PaginatedList.swift in Sources */,
			);
			runOnlyForDeploymentPostprocessing = 0;
		};
		7D9963B7261EF3A5002338E7 /* Sources */ = {
			isa = PBXSourcesBuildPhase;
			buildActionMask = 2147483647;
			files = (
				7D1354FC262D026E00D38EE0 /* UserTests.swift in Sources */,
				2FEF5DAE262D1C4900434763 /* MemberTests.swift in Sources */,
				7D9963C0261EF3A5002338E7 /* SluggoTests.swift in Sources */,
				2F44E21D2639FA6B006CA85D /* TicketTests.swift in Sources */,
			);
			runOnlyForDeploymentPostprocessing = 0;
		};
		7D9963C2261EF3A5002338E7 /* Sources */ = {
			isa = PBXSourcesBuildPhase;
			buildActionMask = 2147483647;
			files = (
				7D9963CB261EF3A5002338E7 /* SluggoUITests.swift in Sources */,
			);
			runOnlyForDeploymentPostprocessing = 0;
		};
/* End PBXSourcesBuildPhase section */

/* Begin PBXTargetDependency section */
		7D9963BD261EF3A5002338E7 /* PBXTargetDependency */ = {
			isa = PBXTargetDependency;
			target = 7D9963A1261EF3A4002338E7 /* Sluggo */;
			targetProxy = 7D9963BC261EF3A5002338E7 /* PBXContainerItemProxy */;
		};
		7D9963C8261EF3A5002338E7 /* PBXTargetDependency */ = {
			isa = PBXTargetDependency;
			target = 7D9963A1261EF3A4002338E7 /* Sluggo */;
			targetProxy = 7D9963C7261EF3A5002338E7 /* PBXContainerItemProxy */;
		};
/* End PBXTargetDependency section */

/* Begin PBXVariantGroup section */
		7D9963AB261EF3A4002338E7 /* Root.storyboard */ = {
			isa = PBXVariantGroup;
			children = (
				7D9963AC261EF3A4002338E7 /* Base */,
			);
			name = Root.storyboard;
			sourceTree = "<group>";
		};
/* End PBXVariantGroup section */

/* Begin XCBuildConfiguration section */
		7D9963CD261EF3A5002338E7 /* Debug */ = {
			isa = XCBuildConfiguration;
			buildSettings = {
				ALWAYS_SEARCH_USER_PATHS = NO;
				CLANG_ANALYZER_NONNULL = YES;
				CLANG_ANALYZER_NUMBER_OBJECT_CONVERSION = YES_AGGRESSIVE;
				CLANG_CXX_LANGUAGE_STANDARD = "gnu++14";
				CLANG_CXX_LIBRARY = "libc++";
				CLANG_ENABLE_MODULES = YES;
				CLANG_ENABLE_OBJC_ARC = YES;
				CLANG_ENABLE_OBJC_WEAK = YES;
				CLANG_WARN_BLOCK_CAPTURE_AUTORELEASING = YES;
				CLANG_WARN_BOOL_CONVERSION = YES;
				CLANG_WARN_COMMA = YES;
				CLANG_WARN_CONSTANT_CONVERSION = YES;
				CLANG_WARN_DEPRECATED_OBJC_IMPLEMENTATIONS = YES;
				CLANG_WARN_DIRECT_OBJC_ISA_USAGE = YES_ERROR;
				CLANG_WARN_DOCUMENTATION_COMMENTS = YES;
				CLANG_WARN_EMPTY_BODY = YES;
				CLANG_WARN_ENUM_CONVERSION = YES;
				CLANG_WARN_INFINITE_RECURSION = YES;
				CLANG_WARN_INT_CONVERSION = YES;
				CLANG_WARN_NON_LITERAL_NULL_CONVERSION = YES;
				CLANG_WARN_OBJC_IMPLICIT_RETAIN_SELF = YES;
				CLANG_WARN_OBJC_LITERAL_CONVERSION = YES;
				CLANG_WARN_OBJC_ROOT_CLASS = YES_ERROR;
				CLANG_WARN_QUOTED_INCLUDE_IN_FRAMEWORK_HEADER = YES;
				CLANG_WARN_RANGE_LOOP_ANALYSIS = YES;
				CLANG_WARN_STRICT_PROTOTYPES = YES;
				CLANG_WARN_SUSPICIOUS_MOVE = YES;
				CLANG_WARN_UNGUARDED_AVAILABILITY = YES_AGGRESSIVE;
				CLANG_WARN_UNREACHABLE_CODE = YES;
				CLANG_WARN__DUPLICATE_METHOD_MATCH = YES;
				COPY_PHASE_STRIP = NO;
				DEBUG_INFORMATION_FORMAT = dwarf;
				ENABLE_STRICT_OBJC_MSGSEND = YES;
				ENABLE_TESTABILITY = YES;
				GCC_C_LANGUAGE_STANDARD = gnu11;
				GCC_DYNAMIC_NO_PIC = NO;
				GCC_NO_COMMON_BLOCKS = YES;
				GCC_OPTIMIZATION_LEVEL = 0;
				GCC_PREPROCESSOR_DEFINITIONS = (
					"DEBUG=1",
					"$(inherited)",
				);
				GCC_WARN_64_TO_32_BIT_CONVERSION = YES;
				GCC_WARN_ABOUT_RETURN_TYPE = YES_ERROR;
				GCC_WARN_UNDECLARED_SELECTOR = YES;
				GCC_WARN_UNINITIALIZED_AUTOS = YES_AGGRESSIVE;
				GCC_WARN_UNUSED_FUNCTION = YES;
				GCC_WARN_UNUSED_VARIABLE = YES;
				IPHONEOS_DEPLOYMENT_TARGET = 14.4;
				MTL_ENABLE_DEBUG_INFO = INCLUDE_SOURCE;
				MTL_FAST_MATH = YES;
				ONLY_ACTIVE_ARCH = YES;
				SDKROOT = iphoneos;
				SWIFT_ACTIVE_COMPILATION_CONDITIONS = DEBUG;
				SWIFT_OPTIMIZATION_LEVEL = "-Onone";
			};
			name = Debug;
		};
		7D9963CE261EF3A5002338E7 /* Release */ = {
			isa = XCBuildConfiguration;
			buildSettings = {
				ALWAYS_SEARCH_USER_PATHS = NO;
				CLANG_ANALYZER_NONNULL = YES;
				CLANG_ANALYZER_NUMBER_OBJECT_CONVERSION = YES_AGGRESSIVE;
				CLANG_CXX_LANGUAGE_STANDARD = "gnu++14";
				CLANG_CXX_LIBRARY = "libc++";
				CLANG_ENABLE_MODULES = YES;
				CLANG_ENABLE_OBJC_ARC = YES;
				CLANG_ENABLE_OBJC_WEAK = YES;
				CLANG_WARN_BLOCK_CAPTURE_AUTORELEASING = YES;
				CLANG_WARN_BOOL_CONVERSION = YES;
				CLANG_WARN_COMMA = YES;
				CLANG_WARN_CONSTANT_CONVERSION = YES;
				CLANG_WARN_DEPRECATED_OBJC_IMPLEMENTATIONS = YES;
				CLANG_WARN_DIRECT_OBJC_ISA_USAGE = YES_ERROR;
				CLANG_WARN_DOCUMENTATION_COMMENTS = YES;
				CLANG_WARN_EMPTY_BODY = YES;
				CLANG_WARN_ENUM_CONVERSION = YES;
				CLANG_WARN_INFINITE_RECURSION = YES;
				CLANG_WARN_INT_CONVERSION = YES;
				CLANG_WARN_NON_LITERAL_NULL_CONVERSION = YES;
				CLANG_WARN_OBJC_IMPLICIT_RETAIN_SELF = YES;
				CLANG_WARN_OBJC_LITERAL_CONVERSION = YES;
				CLANG_WARN_OBJC_ROOT_CLASS = YES_ERROR;
				CLANG_WARN_QUOTED_INCLUDE_IN_FRAMEWORK_HEADER = YES;
				CLANG_WARN_RANGE_LOOP_ANALYSIS = YES;
				CLANG_WARN_STRICT_PROTOTYPES = YES;
				CLANG_WARN_SUSPICIOUS_MOVE = YES;
				CLANG_WARN_UNGUARDED_AVAILABILITY = YES_AGGRESSIVE;
				CLANG_WARN_UNREACHABLE_CODE = YES;
				CLANG_WARN__DUPLICATE_METHOD_MATCH = YES;
				COPY_PHASE_STRIP = NO;
				DEBUG_INFORMATION_FORMAT = "dwarf-with-dsym";
				ENABLE_NS_ASSERTIONS = NO;
				ENABLE_STRICT_OBJC_MSGSEND = YES;
				GCC_C_LANGUAGE_STANDARD = gnu11;
				GCC_NO_COMMON_BLOCKS = YES;
				GCC_WARN_64_TO_32_BIT_CONVERSION = YES;
				GCC_WARN_ABOUT_RETURN_TYPE = YES_ERROR;
				GCC_WARN_UNDECLARED_SELECTOR = YES;
				GCC_WARN_UNINITIALIZED_AUTOS = YES_AGGRESSIVE;
				GCC_WARN_UNUSED_FUNCTION = YES;
				GCC_WARN_UNUSED_VARIABLE = YES;
				IPHONEOS_DEPLOYMENT_TARGET = 14.4;
				MTL_ENABLE_DEBUG_INFO = NO;
				MTL_FAST_MATH = YES;
				SDKROOT = iphoneos;
				SWIFT_COMPILATION_MODE = wholemodule;
				SWIFT_OPTIMIZATION_LEVEL = "-O";
				VALIDATE_PRODUCT = YES;
			};
			name = Release;
		};
		7D9963D0261EF3A5002338E7 /* Debug */ = {
			isa = XCBuildConfiguration;
			buildSettings = {
				ASSETCATALOG_COMPILER_APPICON_NAME = AppIcon;
				ASSETCATALOG_COMPILER_GLOBAL_ACCENT_COLOR_NAME = AccentColor;
				CODE_SIGN_IDENTITY = "Apple Development";
				CODE_SIGN_STYLE = Automatic;
				DEVELOPMENT_TEAM = LUQ6CX5JDC;
				INFOPLIST_FILE = Sluggo/Info.plist;
				LD_RUNPATH_SEARCH_PATHS = (
					"$(inherited)",
					"@executable_path/Frameworks",
				);
				MARKETING_VERSION = 0.1;
				PRODUCT_BUNDLE_IDENTIFIER = ex.sluggotrack.Sluggo;
				PRODUCT_NAME = "$(TARGET_NAME)";
				PROVISIONING_PROFILE_SPECIFIER = "";
				SWIFT_VERSION = 5.0;
				TARGETED_DEVICE_FAMILY = 1;
			};
			name = Debug;
		};
		7D9963D1261EF3A5002338E7 /* Release */ = {
			isa = XCBuildConfiguration;
			buildSettings = {
				ASSETCATALOG_COMPILER_APPICON_NAME = AppIcon;
				ASSETCATALOG_COMPILER_GLOBAL_ACCENT_COLOR_NAME = AccentColor;
				CODE_SIGN_IDENTITY = "Apple Development";
				CODE_SIGN_STYLE = Automatic;
				DEVELOPMENT_TEAM = LUQ6CX5JDC;
				INFOPLIST_FILE = Sluggo/Info.plist;
				LD_RUNPATH_SEARCH_PATHS = (
					"$(inherited)",
					"@executable_path/Frameworks",
				);
				MARKETING_VERSION = 0.1;
				PRODUCT_BUNDLE_IDENTIFIER = ex.sluggotrack.Sluggo;
				PRODUCT_NAME = "$(TARGET_NAME)";
				PROVISIONING_PROFILE_SPECIFIER = "";
				SWIFT_VERSION = 5.0;
				TARGETED_DEVICE_FAMILY = 1;
			};
			name = Release;
		};
		7D9963D3261EF3A5002338E7 /* Debug */ = {
			isa = XCBuildConfiguration;
			buildSettings = {
				ALWAYS_EMBED_SWIFT_STANDARD_LIBRARIES = YES;
				BUNDLE_LOADER = "$(TEST_HOST)";
				CODE_SIGN_STYLE = Automatic;
				DEVELOPMENT_TEAM = LUQ6CX5JDC;
				INFOPLIST_FILE = SluggoTests/Info.plist;
				IPHONEOS_DEPLOYMENT_TARGET = 14.4;
				LD_RUNPATH_SEARCH_PATHS = (
					"$(inherited)",
					"@executable_path/Frameworks",
					"@loader_path/Frameworks",
				);
				PRODUCT_BUNDLE_IDENTIFIER = ex.sluggotrack.SluggoTests;
				PRODUCT_NAME = "$(TARGET_NAME)";
				SWIFT_VERSION = 5.0;
				TARGETED_DEVICE_FAMILY = "1,2";
				TEST_HOST = "$(BUILT_PRODUCTS_DIR)/Sluggo.app/Sluggo";
			};
			name = Debug;
		};
		7D9963D4261EF3A5002338E7 /* Release */ = {
			isa = XCBuildConfiguration;
			buildSettings = {
				ALWAYS_EMBED_SWIFT_STANDARD_LIBRARIES = YES;
				BUNDLE_LOADER = "$(TEST_HOST)";
				CODE_SIGN_STYLE = Automatic;
				DEVELOPMENT_TEAM = LUQ6CX5JDC;
				INFOPLIST_FILE = SluggoTests/Info.plist;
				IPHONEOS_DEPLOYMENT_TARGET = 14.4;
				LD_RUNPATH_SEARCH_PATHS = (
					"$(inherited)",
					"@executable_path/Frameworks",
					"@loader_path/Frameworks",
				);
				PRODUCT_BUNDLE_IDENTIFIER = ex.sluggotrack.SluggoTests;
				PRODUCT_NAME = "$(TARGET_NAME)";
				SWIFT_VERSION = 5.0;
				TARGETED_DEVICE_FAMILY = "1,2";
				TEST_HOST = "$(BUILT_PRODUCTS_DIR)/Sluggo.app/Sluggo";
			};
			name = Release;
		};
		7D9963D6261EF3A5002338E7 /* Debug */ = {
			isa = XCBuildConfiguration;
			buildSettings = {
				ALWAYS_EMBED_SWIFT_STANDARD_LIBRARIES = YES;
				CODE_SIGN_IDENTITY = "Apple Development";
				"CODE_SIGN_IDENTITY[sdk=macosx*]" = "Apple Development";
				CODE_SIGN_STYLE = Automatic;
				DEVELOPMENT_TEAM = LUQ6CX5JDC;
				INFOPLIST_FILE = SluggoUITests/Info.plist;
				LD_RUNPATH_SEARCH_PATHS = (
					"$(inherited)",
					"@executable_path/Frameworks",
					"@loader_path/Frameworks",
				);
				PRODUCT_BUNDLE_IDENTIFIER = ex.sluggotrack.SluggoUITests;
				PRODUCT_NAME = "$(TARGET_NAME)";
				PROVISIONING_PROFILE_SPECIFIER = "";
				"PROVISIONING_PROFILE_SPECIFIER[sdk=macosx*]" = "";
				SWIFT_VERSION = 5.0;
				TARGETED_DEVICE_FAMILY = "1,2";
				TEST_TARGET_NAME = Sluggo;
			};
			name = Debug;
		};
		7D9963D7261EF3A5002338E7 /* Release */ = {
			isa = XCBuildConfiguration;
			buildSettings = {
				ALWAYS_EMBED_SWIFT_STANDARD_LIBRARIES = YES;
				CODE_SIGN_IDENTITY = "Apple Development";
				"CODE_SIGN_IDENTITY[sdk=macosx*]" = "Apple Development";
				CODE_SIGN_STYLE = Automatic;
				DEVELOPMENT_TEAM = LUQ6CX5JDC;
				INFOPLIST_FILE = SluggoUITests/Info.plist;
				LD_RUNPATH_SEARCH_PATHS = (
					"$(inherited)",
					"@executable_path/Frameworks",
					"@loader_path/Frameworks",
				);
				PRODUCT_BUNDLE_IDENTIFIER = ex.sluggotrack.SluggoUITests;
				PRODUCT_NAME = "$(TARGET_NAME)";
				PROVISIONING_PROFILE_SPECIFIER = "";
				"PROVISIONING_PROFILE_SPECIFIER[sdk=macosx*]" = "";
				SWIFT_VERSION = 5.0;
				TARGETED_DEVICE_FAMILY = "1,2";
				TEST_TARGET_NAME = Sluggo;
			};
			name = Release;
		};
/* End XCBuildConfiguration section */

/* Begin XCConfigurationList section */
		7D99639D261EF3A4002338E7 /* Build configuration list for PBXProject "Sluggo" */ = {
			isa = XCConfigurationList;
			buildConfigurations = (
				7D9963CD261EF3A5002338E7 /* Debug */,
				7D9963CE261EF3A5002338E7 /* Release */,
			);
			defaultConfigurationIsVisible = 0;
			defaultConfigurationName = Release;
		};
		7D9963CF261EF3A5002338E7 /* Build configuration list for PBXNativeTarget "Sluggo" */ = {
			isa = XCConfigurationList;
			buildConfigurations = (
				7D9963D0261EF3A5002338E7 /* Debug */,
				7D9963D1261EF3A5002338E7 /* Release */,
			);
			defaultConfigurationIsVisible = 0;
			defaultConfigurationName = Release;
		};
		7D9963D2261EF3A5002338E7 /* Build configuration list for PBXNativeTarget "SluggoTests" */ = {
			isa = XCConfigurationList;
			buildConfigurations = (
				7D9963D3261EF3A5002338E7 /* Debug */,
				7D9963D4261EF3A5002338E7 /* Release */,
			);
			defaultConfigurationIsVisible = 0;
			defaultConfigurationName = Release;
		};
		7D9963D5261EF3A5002338E7 /* Build configuration list for PBXNativeTarget "SluggoUITests" */ = {
			isa = XCConfigurationList;
			buildConfigurations = (
				7D9963D6261EF3A5002338E7 /* Debug */,
				7D9963D7261EF3A5002338E7 /* Release */,
			);
			defaultConfigurationIsVisible = 0;
			defaultConfigurationName = Release;
		};
/* End XCConfigurationList section */

/* Begin XCRemoteSwiftPackageReference section */
		5AB1F18D26435F9600993D1A /* XCRemoteSwiftPackageReference "NullCodable" */ = {
			isa = XCRemoteSwiftPackageReference;
			repositoryURL = "https://github.com/g-mark/NullCodable.git";
			requirement = {
				kind = upToNextMajorVersion;
				minimumVersion = 1.1.0;
			};
		};
/* End XCRemoteSwiftPackageReference section */

/* Begin XCSwiftPackageProductDependency section */
		5AB1F18E26435F9600993D1A /* NullCodable */ = {
			isa = XCSwiftPackageProductDependency;
			package = 5AB1F18D26435F9600993D1A /* XCRemoteSwiftPackageReference "NullCodable" */;
			productName = NullCodable;
		};
/* End XCSwiftPackageProductDependency section */
	};
	rootObject = 7D99639A261EF3A4002338E7 /* Project object */;
}
